// !$*UTF8*$!
{
	archiveVersion = 1;
	classes = {
	};
	objectVersion = 55;
	objects = {

/* Begin PBXBuildFile section */
		1E7E46BF27CA8E52003E2986 /* Water_Gr__AppApp.swift in Sources */ = {isa = PBXBuildFile; fileRef = 1E7E46BE27CA8E52003E2986 /* Water_Gr__AppApp.swift */; };
		1E7E46C127CA8E52003E2986 /* ContentView.swift in Sources */ = {isa = PBXBuildFile; fileRef = 1E7E46C027CA8E52003E2986 /* ContentView.swift */; };
		1E7E46C327CA8E53003E2986 /* Assets.xcassets in Resources */ = {isa = PBXBuildFile; fileRef = 1E7E46C227CA8E53003E2986 /* Assets.xcassets */; };
		1E7E46C627CA8E53003E2986 /* Preview Assets.xcassets in Resources */ = {isa = PBXBuildFile; fileRef = 1E7E46C527CA8E53003E2986 /* Preview Assets.xcassets */; };
		1E7E46D027CA8E54003E2986 /* Water_Gr__AppTests.swift in Sources */ = {isa = PBXBuildFile; fileRef = 1E7E46CF27CA8E54003E2986 /* Water_Gr__AppTests.swift */; };
		1E7E46DA27CA8E54003E2986 /* Water_Gr__AppUITests.swift in Sources */ = {isa = PBXBuildFile; fileRef = 1E7E46D927CA8E54003E2986 /* Water_Gr__AppUITests.swift */; };
		1E7E46DC27CA8E54003E2986 /* Water_Gr__AppUITestsLaunchTests.swift in Sources */ = {isa = PBXBuildFile; fileRef = 1E7E46DB27CA8E54003E2986 /* Water_Gr__AppUITestsLaunchTests.swift */; };
/* End PBXBuildFile section */

/* Begin PBXContainerItemProxy section */
		1E7E46CC27CA8E54003E2986 /* PBXContainerItemProxy */ = {
			isa = PBXContainerItemProxy;
			containerPortal = 1E7E46B327CA8E52003E2986 /* Project object */;
			proxyType = 1;
			remoteGlobalIDString = 1E7E46BA27CA8E52003E2986;
			remoteInfo = "Water Gr. App";
		};
		1E7E46D627CA8E54003E2986 /* PBXContainerItemProxy */ = {
			isa = PBXContainerItemProxy;
			containerPortal = 1E7E46B327CA8E52003E2986 /* Project object */;
			proxyType = 1;
			remoteGlobalIDString = 1E7E46BA27CA8E52003E2986;
			remoteInfo = "Water Gr. App";
		};
/* End PBXContainerItemProxy section */

/* Begin PBXFileReference section */
		1E7E46BB27CA8E52003E2986 /* Water Gr. App.app */ = {isa = PBXFileReference; explicitFileType = wrapper.application; includeInIndex = 0; path = "Water Gr. App.app"; sourceTree = BUILT_PRODUCTS_DIR; };
		1E7E46BE27CA8E52003E2986 /* Water_Gr__AppApp.swift */ = {isa = PBXFileReference; lastKnownFileType = sourcecode.swift; path = Water_Gr__AppApp.swift; sourceTree = "<group>"; };
		1E7E46C027CA8E52003E2986 /* ContentView.swift */ = {isa = PBXFileReference; lastKnownFileType = sourcecode.swift; path = ContentView.swift; sourceTree = "<group>"; };
		1E7E46C227CA8E53003E2986 /* Assets.xcassets */ = {isa = PBXFileReference; lastKnownFileType = folder.assetcatalog; path = Assets.xcassets; sourceTree = "<group>"; };
		1E7E46C527CA8E53003E2986 /* Preview Assets.xcassets */ = {isa = PBXFileReference; lastKnownFileType = folder.assetcatalog; path = "Preview Assets.xcassets"; sourceTree = "<group>"; };
		1E7E46CB27CA8E54003E2986 /* Water Gr. AppTests.xctest */ = {isa = PBXFileReference; explicitFileType = wrapper.cfbundle; includeInIndex = 0; path = "Water Gr. AppTests.xctest"; sourceTree = BUILT_PRODUCTS_DIR; };
		1E7E46CF27CA8E54003E2986 /* Water_Gr__AppTests.swift */ = {isa = PBXFileReference; lastKnownFileType = sourcecode.swift; path = Water_Gr__AppTests.swift; sourceTree = "<group>"; };
		1E7E46D527CA8E54003E2986 /* Water Gr. AppUITests.xctest */ = {isa = PBXFileReference; explicitFileType = wrapper.cfbundle; includeInIndex = 0; path = "Water Gr. AppUITests.xctest"; sourceTree = BUILT_PRODUCTS_DIR; };
		1E7E46D927CA8E54003E2986 /* Water_Gr__AppUITests.swift */ = {isa = PBXFileReference; lastKnownFileType = sourcecode.swift; path = Water_Gr__AppUITests.swift; sourceTree = "<group>"; };
		1E7E46DB27CA8E54003E2986 /* Water_Gr__AppUITestsLaunchTests.swift */ = {isa = PBXFileReference; lastKnownFileType = sourcecode.swift; path = Water_Gr__AppUITestsLaunchTests.swift; sourceTree = "<group>"; };
/* End PBXFileReference section */

/* Begin PBXFrameworksBuildPhase section */
		1E7E46B827CA8E52003E2986 /* Frameworks */ = {
			isa = PBXFrameworksBuildPhase;
			buildActionMask = 2147483647;
			files = (
			);
			runOnlyForDeploymentPostprocessing = 0;
		};
		1E7E46C827CA8E54003E2986 /* Frameworks */ = {
			isa = PBXFrameworksBuildPhase;
			buildActionMask = 2147483647;
			files = (
			);
			runOnlyForDeploymentPostprocessing = 0;
		};
		1E7E46D227CA8E54003E2986 /* Frameworks */ = {
			isa = PBXFrameworksBuildPhase;
			buildActionMask = 2147483647;
			files = (
			);
			runOnlyForDeploymentPostprocessing = 0;
		};
/* End PBXFrameworksBuildPhase section */

/* Begin PBXGroup section */
		1E7E46B227CA8E52003E2986 = {
			isa = PBXGroup;
			children = (
				1E7E46BD27CA8E52003E2986 /* Water Gr. App */,
				1E7E46CE27CA8E54003E2986 /* Water Gr. AppTests */,
				1E7E46D827CA8E54003E2986 /* Water Gr. AppUITests */,
				1E7E46BC27CA8E52003E2986 /* Products */,
			);
			sourceTree = "<group>";
		};
		1E7E46BC27CA8E52003E2986 /* Products */ = {
			isa = PBXGroup;
			children = (
				1E7E46BB27CA8E52003E2986 /* Water Gr. App.app */,
				1E7E46CB27CA8E54003E2986 /* Water Gr. AppTests.xctest */,
				1E7E46D527CA8E54003E2986 /* Water Gr. AppUITests.xctest */,
			);
			name = Products;
			sourceTree = "<group>";
		};
		1E7E46BD27CA8E52003E2986 /* Water Gr. App */ = {
			isa = PBXGroup;
			children = (
				1E7E46BE27CA8E52003E2986 /* Water_Gr__AppApp.swift */,
				1E7E46C027CA8E52003E2986 /* ContentView.swift */,
				1E7E46C227CA8E53003E2986 /* Assets.xcassets */,
				1E7E46C427CA8E53003E2986 /* Preview Content */,
			);
			path = "Water Gr. App";
			sourceTree = "<group>";
		};
		1E7E46C427CA8E53003E2986 /* Preview Content */ = {
			isa = PBXGroup;
			children = (
				1E7E46C527CA8E53003E2986 /* Preview Assets.xcassets */,
			);
			path = "Preview Content";
			sourceTree = "<group>";
		};
		1E7E46CE27CA8E54003E2986 /* Water Gr. AppTests */ = {
			isa = PBXGroup;
			children = (
				1E7E46CF27CA8E54003E2986 /* Water_Gr__AppTests.swift */,
			);
			path = "Water Gr. AppTests";
			sourceTree = "<group>";
		};
		1E7E46D827CA8E54003E2986 /* Water Gr. AppUITests */ = {
			isa = PBXGroup;
			children = (
				1E7E46D927CA8E54003E2986 /* Water_Gr__AppUITests.swift */,
				1E7E46DB27CA8E54003E2986 /* Water_Gr__AppUITestsLaunchTests.swift */,
			);
			path = "Water Gr. AppUITests";
			sourceTree = "<group>";
		};
/* End PBXGroup section */

/* Begin PBXNativeTarget section */
		1E7E46BA27CA8E52003E2986 /* Water Gr. App */ = {
			isa = PBXNativeTarget;
			buildConfigurationList = 1E7E46DF27CA8E54003E2986 /* Build configuration list for PBXNativeTarget "Water Gr. App" */;
			buildPhases = (
				1E7E46B727CA8E52003E2986 /* Sources */,
				1E7E46B827CA8E52003E2986 /* Frameworks */,
				1E7E46B927CA8E52003E2986 /* Resources */,
			);
			buildRules = (
			);
			dependencies = (
			);
			name = "Water Gr. App";
			productName = "Water Gr. App";
			productReference = 1E7E46BB27CA8E52003E2986 /* Water Gr. App.app */;
			productType = "com.apple.product-type.application";
		};
		1E7E46CA27CA8E54003E2986 /* Water Gr. AppTests */ = {
			isa = PBXNativeTarget;
			buildConfigurationList = 1E7E46E227CA8E54003E2986 /* Build configuration list for PBXNativeTarget "Water Gr. AppTests" */;
			buildPhases = (
				1E7E46C727CA8E54003E2986 /* Sources */,
				1E7E46C827CA8E54003E2986 /* Frameworks */,
				1E7E46C927CA8E54003E2986 /* Resources */,
			);
			buildRules = (
			);
			dependencies = (
				1E7E46CD27CA8E54003E2986 /* PBXTargetDependency */,
			);
			name = "Water Gr. AppTests";
			productName = "Water Gr. AppTests";
			productReference = 1E7E46CB27CA8E54003E2986 /* Water Gr. AppTests.xctest */;
			productType = "com.apple.product-type.bundle.unit-test";
		};
		1E7E46D427CA8E54003E2986 /* Water Gr. AppUITests */ = {
			isa = PBXNativeTarget;
			buildConfigurationList = 1E7E46E527CA8E54003E2986 /* Build configuration list for PBXNativeTarget "Water Gr. AppUITests" */;
			buildPhases = (
				1E7E46D127CA8E54003E2986 /* Sources */,
				1E7E46D227CA8E54003E2986 /* Frameworks */,
				1E7E46D327CA8E54003E2986 /* Resources */,
			);
			buildRules = (
			);
			dependencies = (
				1E7E46D727CA8E54003E2986 /* PBXTargetDependency */,
			);
			name = "Water Gr. AppUITests";
			productName = "Water Gr. AppUITests";
			productReference = 1E7E46D527CA8E54003E2986 /* Water Gr. AppUITests.xctest */;
			productType = "com.apple.product-type.bundle.ui-testing";
		};
/* End PBXNativeTarget section */

/* Begin PBXProject section */
		1E7E46B327CA8E52003E2986 /* Project object */ = {
			isa = PBXProject;
			attributes = {
				BuildIndependentTargetsInParallel = 1;
				LastSwiftUpdateCheck = 1320;
				LastUpgradeCheck = 1320;
				TargetAttributes = {
					1E7E46BA27CA8E52003E2986 = {
						CreatedOnToolsVersion = 13.2.1;
					};
					1E7E46CA27CA8E54003E2986 = {
						CreatedOnToolsVersion = 13.2.1;
						TestTargetID = 1E7E46BA27CA8E52003E2986;
					};
					1E7E46D427CA8E54003E2986 = {
						CreatedOnToolsVersion = 13.2.1;
						TestTargetID = 1E7E46BA27CA8E52003E2986;
					};
				};
			};
			buildConfigurationList = 1E7E46B627CA8E52003E2986 /* Build configuration list for PBXProject "Water Gr. App" */;
			compatibilityVersion = "Xcode 13.0";
			developmentRegion = en;
			hasScannedForEncodings = 0;
			knownRegions = (
				en,
				Base,
			);
			mainGroup = 1E7E46B227CA8E52003E2986;
			productRefGroup = 1E7E46BC27CA8E52003E2986 /* Products */;
			projectDirPath = "";
			projectRoot = "";
			targets = (
				1E7E46BA27CA8E52003E2986 /* Water Gr. App */,
				1E7E46CA27CA8E54003E2986 /* Water Gr. AppTests */,
				1E7E46D427CA8E54003E2986 /* Water Gr. AppUITests */,
			);
		};
/* End PBXProject section */

/* Begin PBXResourcesBuildPhase section */
		1E7E46B927CA8E52003E2986 /* Resources */ = {
			isa = PBXResourcesBuildPhase;
			buildActionMask = 2147483647;
			files = (
				1E7E46C627CA8E53003E2986 /* Preview Assets.xcassets in Resources */,
				1E7E46C327CA8E53003E2986 /* Assets.xcassets in Resources */,
			);
			runOnlyForDeploymentPostprocessing = 0;
		};
		1E7E46C927CA8E54003E2986 /* Resources */ = {
			isa = PBXResourcesBuildPhase;
			buildActionMask = 2147483647;
			files = (
			);
			runOnlyForDeploymentPostprocessing = 0;
		};
		1E7E46D327CA8E54003E2986 /* Resources */ = {
			isa = PBXResourcesBuildPhase;
			buildActionMask = 2147483647;
			files = (
			);
			runOnlyForDeploymentPostprocessing = 0;
		};
/* End PBXResourcesBuildPhase section */

/* Begin PBXSourcesBuildPhase section */
		1E7E46B727CA8E52003E2986 /* Sources */ = {
			isa = PBXSourcesBuildPhase;
			buildActionMask = 2147483647;
			files = (
				1E7E46C127CA8E52003E2986 /* ContentView.swift in Sources */,
				1E7E46BF27CA8E52003E2986 /* Water_Gr__AppApp.swift in Sources */,
			);
			runOnlyForDeploymentPostprocessing = 0;
		};
		1E7E46C727CA8E54003E2986 /* Sources */ = {
			isa = PBXSourcesBuildPhase;
			buildActionMask = 2147483647;
			files = (
				1E7E46D027CA8E54003E2986 /* Water_Gr__AppTests.swift in Sources */,
			);
			runOnlyForDeploymentPostprocessing = 0;
		};
		1E7E46D127CA8E54003E2986 /* Sources */ = {
			isa = PBXSourcesBuildPhase;
			buildActionMask = 2147483647;
			files = (
				1E7E46DA27CA8E54003E2986 /* Water_Gr__AppUITests.swift in Sources */,
				1E7E46DC27CA8E54003E2986 /* Water_Gr__AppUITestsLaunchTests.swift in Sources */,
			);
			runOnlyForDeploymentPostprocessing = 0;
		};
/* End PBXSourcesBuildPhase section */

/* Begin PBXTargetDependency section */
		1E7E46CD27CA8E54003E2986 /* PBXTargetDependency */ = {
			isa = PBXTargetDependency;
			target = 1E7E46BA27CA8E52003E2986 /* Water Gr. App */;
			targetProxy = 1E7E46CC27CA8E54003E2986 /* PBXContainerItemProxy */;
		};
		1E7E46D727CA8E54003E2986 /* PBXTargetDependency */ = {
			isa = PBXTargetDependency;
			target = 1E7E46BA27CA8E52003E2986 /* Water Gr. App */;
			targetProxy = 1E7E46D627CA8E54003E2986 /* PBXContainerItemProxy */;
		};
/* End PBXTargetDependency section */

/* Begin XCBuildConfiguration section */
		1E7E46DD27CA8E54003E2986 /* Debug */ = {
			isa = XCBuildConfiguration;
			buildSettings = {
				ALWAYS_SEARCH_USER_PATHS = NO;
				CLANG_ANALYZER_NONNULL = YES;
				CLANG_ANALYZER_NUMBER_OBJECT_CONVERSION = YES_AGGRESSIVE;
				CLANG_CXX_LANGUAGE_STANDARD = "gnu++17";
				CLANG_CXX_LIBRARY = "libc++";
				CLANG_ENABLE_MODULES = YES;
				CLANG_ENABLE_OBJC_ARC = YES;
				CLANG_ENABLE_OBJC_WEAK = YES;
				CLANG_WARN_BLOCK_CAPTURE_AUTORELEASING = YES;
				CLANG_WARN_BOOL_CONVERSION = YES;
				CLANG_WARN_COMMA = YES;
				CLANG_WARN_CONSTANT_CONVERSION = YES;
				CLANG_WARN_DEPRECATED_OBJC_IMPLEMENTATIONS = YES;
				CLANG_WARN_DIRECT_OBJC_ISA_USAGE = YES_ERROR;
				CLANG_WARN_DOCUMENTATION_COMMENTS = YES;
				CLANG_WARN_EMPTY_BODY = YES;
				CLANG_WARN_ENUM_CONVERSION = YES;
				CLANG_WARN_INFINITE_RECURSION = YES;
				CLANG_WARN_INT_CONVERSION = YES;
				CLANG_WARN_NON_LITERAL_NULL_CONVERSION = YES;
				CLANG_WARN_OBJC_IMPLICIT_RETAIN_SELF = YES;
				CLANG_WARN_OBJC_LITERAL_CONVERSION = YES;
				CLANG_WARN_OBJC_ROOT_CLASS = YES_ERROR;
				CLANG_WARN_QUOTED_INCLUDE_IN_FRAMEWORK_HEADER = YES;
				CLANG_WARN_RANGE_LOOP_ANALYSIS = YES;
				CLANG_WARN_STRICT_PROTOTYPES = YES;
				CLANG_WARN_SUSPICIOUS_MOVE = YES;
				CLANG_WARN_UNGUARDED_AVAILABILITY = YES_AGGRESSIVE;
				CLANG_WARN_UNREACHABLE_CODE = YES;
				CLANG_WARN__DUPLICATE_METHOD_MATCH = YES;
				COPY_PHASE_STRIP = NO;
				DEBUG_INFORMATION_FORMAT = dwarf;
				ENABLE_STRICT_OBJC_MSGSEND = YES;
				ENABLE_TESTABILITY = YES;
				GCC_C_LANGUAGE_STANDARD = gnu11;
				GCC_DYNAMIC_NO_PIC = NO;
				GCC_NO_COMMON_BLOCKS = YES;
				GCC_OPTIMIZATION_LEVEL = 0;
				GCC_PREPROCESSOR_DEFINITIONS = (
					"DEBUG=1",
					"$(inherited)",
				);
				GCC_WARN_64_TO_32_BIT_CONVERSION = YES;
				GCC_WARN_ABOUT_RETURN_TYPE = YES_ERROR;
				GCC_WARN_UNDECLARED_SELECTOR = YES;
				GCC_WARN_UNINITIALIZED_AUTOS = YES_AGGRESSIVE;
				GCC_WARN_UNUSED_FUNCTION = YES;
				GCC_WARN_UNUSED_VARIABLE = YES;
				IPHONEOS_DEPLOYMENT_TARGET = 15.2;
				MTL_ENABLE_DEBUG_INFO = INCLUDE_SOURCE;
				MTL_FAST_MATH = YES;
				ONLY_ACTIVE_ARCH = YES;
				SDKROOT = iphoneos;
				SWIFT_ACTIVE_COMPILATION_CONDITIONS = DEBUG;
				SWIFT_OPTIMIZATION_LEVEL = "-Onone";
			};
			name = Debug;
		};
		1E7E46DE27CA8E54003E2986 /* Release */ = {
			isa = XCBuildConfiguration;
			buildSettings = {
				ALWAYS_SEARCH_USER_PATHS = NO;
				CLANG_ANALYZER_NONNULL = YES;
				CLANG_ANALYZER_NUMBER_OBJECT_CONVERSION = YES_AGGRESSIVE;
				CLANG_CXX_LANGUAGE_STANDARD = "gnu++17";
				CLANG_CXX_LIBRARY = "libc++";
				CLANG_ENABLE_MODULES = YES;
				CLANG_ENABLE_OBJC_ARC = YES;
				CLANG_ENABLE_OBJC_WEAK = YES;
				CLANG_WARN_BLOCK_CAPTURE_AUTORELEASING = YES;
				CLANG_WARN_BOOL_CONVERSION = YES;
				CLANG_WARN_COMMA = YES;
				CLANG_WARN_CONSTANT_CONVERSION = YES;
				CLANG_WARN_DEPRECATED_OBJC_IMPLEMENTATIONS = YES;
				CLANG_WARN_DIRECT_OBJC_ISA_USAGE = YES_ERROR;
				CLANG_WARN_DOCUMENTATION_COMMENTS = YES;
				CLANG_WARN_EMPTY_BODY = YES;
				CLANG_WARN_ENUM_CONVERSION = YES;
				CLANG_WARN_INFINITE_RECURSION = YES;
				CLANG_WARN_INT_CONVERSION = YES;
				CLANG_WARN_NON_LITERAL_NULL_CONVERSION = YES;
				CLANG_WARN_OBJC_IMPLICIT_RETAIN_SELF = YES;
				CLANG_WARN_OBJC_LITERAL_CONVERSION = YES;
				CLANG_WARN_OBJC_ROOT_CLASS = YES_ERROR;
				CLANG_WARN_QUOTED_INCLUDE_IN_FRAMEWORK_HEADER = YES;
				CLANG_WARN_RANGE_LOOP_ANALYSIS = YES;
				CLANG_WARN_STRICT_PROTOTYPES = YES;
				CLANG_WARN_SUSPICIOUS_MOVE = YES;
				CLANG_WARN_UNGUARDED_AVAILABILITY = YES_AGGRESSIVE;
				CLANG_WARN_UNREACHABLE_CODE = YES;
				CLANG_WARN__DUPLICATE_METHOD_MATCH = YES;
				COPY_PHASE_STRIP = NO;
				DEBUG_INFORMATION_FORMAT = "dwarf-with-dsym";
				ENABLE_NS_ASSERTIONS = NO;
				ENABLE_STRICT_OBJC_MSGSEND = YES;
				GCC_C_LANGUAGE_STANDARD = gnu11;
				GCC_NO_COMMON_BLOCKS = YES;
				GCC_WARN_64_TO_32_BIT_CONVERSION = YES;
				GCC_WARN_ABOUT_RETURN_TYPE = YES_ERROR;
				GCC_WARN_UNDECLARED_SELECTOR = YES;
				GCC_WARN_UNINITIALIZED_AUTOS = YES_AGGRESSIVE;
				GCC_WARN_UNUSED_FUNCTION = YES;
				GCC_WARN_UNUSED_VARIABLE = YES;
				IPHONEOS_DEPLOYMENT_TARGET = 15.2;
				MTL_ENABLE_DEBUG_INFO = NO;
				MTL_FAST_MATH = YES;
				SDKROOT = iphoneos;
				SWIFT_COMPILATION_MODE = wholemodule;
				SWIFT_OPTIMIZATION_LEVEL = "-O";
				VALIDATE_PRODUCT = YES;
			};
			name = Release;
		};
		1E7E46E027CA8E54003E2986 /* Debug */ = {
			isa = XCBuildConfiguration;
			buildSettings = {
				ASSETCATALOG_COMPILER_APPICON_NAME = AppIcon;
				ASSETCATALOG_COMPILER_GLOBAL_ACCENT_COLOR_NAME = AccentColor;
				CODE_SIGN_STYLE = Automatic;
				CURRENT_PROJECT_VERSION = 1;
				DEVELOPMENT_ASSET_PATHS = "\"Water Gr. App/Preview Content\"";
				ENABLE_PREVIEWS = YES;
				GENERATE_INFOPLIST_FILE = YES;
				INFOPLIST_KEY_UIApplicationSceneManifest_Generation = YES;
				INFOPLIST_KEY_UIApplicationSupportsIndirectInputEvents = YES;
				INFOPLIST_KEY_UILaunchScreen_Generation = YES;
				INFOPLIST_KEY_UISupportedInterfaceOrientations_iPad = "UIInterfaceOrientationPortrait UIInterfaceOrientationPortraitUpsideDown UIInterfaceOrientationLandscapeLeft UIInterfaceOrientationLandscapeRight";
				INFOPLIST_KEY_UISupportedInterfaceOrientations_iPhone = "UIInterfaceOrientationPortrait UIInterfaceOrientationLandscapeLeft UIInterfaceOrientationLandscapeRight";
				LD_RUNPATH_SEARCH_PATHS = (
					"$(inherited)",
					"@executable_path/Frameworks",
				);
				MARKETING_VERSION = 1.0;
				PRODUCT_BUNDLE_IDENTIFIER = "----.Water-Gr--App";
				PRODUCT_NAME = "$(TARGET_NAME)";
				SWIFT_EMIT_LOC_STRINGS = YES;
				SWIFT_VERSION = 5.0;
				TARGETED_DEVICE_FAMILY = "1,2";
			};
			name = Debug;
		};
		1E7E46E127CA8E54003E2986 /* Release */ = {
			isa = XCBuildConfiguration;
			buildSettings = {
				ASSETCATALOG_COMPILER_APPICON_NAME = AppIcon;
				ASSETCATALOG_COMPILER_GLOBAL_ACCENT_COLOR_NAME = AccentColor;
				CODE_SIGN_STYLE = Automatic;
				CURRENT_PROJECT_VERSION = 1;
				DEVELOPMENT_ASSET_PATHS = "\"Water Gr. App/Preview Content\"";
				ENABLE_PREVIEWS = YES;
				GENERATE_INFOPLIST_FILE = YES;
				INFOPLIST_KEY_UIApplicationSceneManifest_Generation = YES;
				INFOPLIST_KEY_UIApplicationSupportsIndirectInputEvents = YES;
				INFOPLIST_KEY_UILaunchScreen_Generation = YES;
				INFOPLIST_KEY_UISupportedInterfaceOrientations_iPad = "UIInterfaceOrientationPortrait UIInterfaceOrientationPortraitUpsideDown UIInterfaceOrientationLandscapeLeft UIInterfaceOrientationLandscapeRight";
				INFOPLIST_KEY_UISupportedInterfaceOrientations_iPhone = "UIInterfaceOrientationPortrait UIInterfaceOrientationLandscapeLeft UIInterfaceOrientationLandscapeRight";
				LD_RUNPATH_SEARCH_PATHS = (
					"$(inherited)",
					"@executable_path/Frameworks",
				);
				MARKETING_VERSION = 1.0;
				PRODUCT_BUNDLE_IDENTIFIER = "----.Water-Gr--App";
				PRODUCT_NAME = "$(TARGET_NAME)";
				SWIFT_EMIT_LOC_STRINGS = YES;
				SWIFT_VERSION = 5.0;
				TARGETED_DEVICE_FAMILY = "1,2";
			};
			name = Release;
		};
		1E7E46E327CA8E54003E2986 /* Debug */ = {
			isa = XCBuildConfiguration;
			buildSettings = {
				ALWAYS_EMBED_SWIFT_STANDARD_LIBRARIES = YES;
				BUNDLE_LOADER = "$(TEST_HOST)";
				CODE_SIGN_STYLE = Automatic;
				CURRENT_PROJECT_VERSION = 1;
				GENERATE_INFOPLIST_FILE = YES;
				IPHONEOS_DEPLOYMENT_TARGET = 15.2;
				MARKETING_VERSION = 1.0;
				PRODUCT_BUNDLE_IDENTIFIER = "----.Water-Gr--AppTests";
				PRODUCT_NAME = "$(TARGET_NAME)";
				SWIFT_EMIT_LOC_STRINGS = NO;
				SWIFT_VERSION = 5.0;
				TARGETED_DEVICE_FAMILY = "1,2";
				TEST_HOST = "$(BUILT_PRODUCTS_DIR)/Water Gr. App.app/Water Gr. App";
			};
			name = Debug;
		};
		1E7E46E427CA8E54003E2986 /* Release */ = {
			isa = XCBuildConfiguration;
			buildSettings = {
				ALWAYS_EMBED_SWIFT_STANDARD_LIBRARIES = YES;
				BUNDLE_LOADER = "$(TEST_HOST)";
				CODE_SIGN_STYLE = Automatic;
				CURRENT_PROJECT_VERSION = 1;
				GENERATE_INFOPLIST_FILE = YES;
				IPHONEOS_DEPLOYMENT_TARGET = 15.2;
				MARKETING_VERSION = 1.0;
				PRODUCT_BUNDLE_IDENTIFIER = "----.Water-Gr--AppTests";
				PRODUCT_NAME = "$(TARGET_NAME)";
				SWIFT_EMIT_LOC_STRINGS = NO;
				SWIFT_VERSION = 5.0;
				TARGETED_DEVICE_FAMILY = "1,2";
				TEST_HOST = "$(BUILT_PRODUCTS_DIR)/Water Gr. App.app/Water Gr. App";
			};
			name = Release;
		};
		1E7E46E627CA8E54003E2986 /* Debug */ = {
			isa = XCBuildConfiguration;
			buildSettings = {
				ALWAYS_EMBED_SWIFT_STANDARD_LIBRARIES = YES;
				CODE_SIGN_STYLE = Automatic;
				CURRENT_PROJECT_VERSION = 1;
				GENERATE_INFOPLIST_FILE = YES;
				MARKETING_VERSION = 1.0;
				PRODUCT_BUNDLE_IDENTIFIER = "----.Water-Gr--AppUITests";
				PRODUCT_NAME = "$(TARGET_NAME)";
				SWIFT_EMIT_LOC_STRINGS = NO;
				SWIFT_VERSION = 5.0;
				TARGETED_DEVICE_FAMILY = "1,2";
				TEST_TARGET_NAME = "Water Gr. App";
			};
			name = Debug;
		};
		1E7E46E727CA8E54003E2986 /* Release */ = {
			isa = XCBuildConfiguration;
			buildSettings = {
				ALWAYS_EMBED_SWIFT_STANDARD_LIBRARIES = YES;
				CODE_SIGN_STYLE = Automatic;
				CURRENT_PROJECT_VERSION = 1;
				GENERATE_INFOPLIST_FILE = YES;
				MARKETING_VERSION = 1.0;
				PRODUCT_BUNDLE_IDENTIFIER = "----.Water-Gr--AppUITests";
				PRODUCT_NAME = "$(TARGET_NAME)";
				SWIFT_EMIT_LOC_STRINGS = NO;
				SWIFT_VERSION = 5.0;
				TARGETED_DEVICE_FAMILY = "1,2";
				TEST_TARGET_NAME = "Water Gr. App";
			};
			name = Release;
		};
/* End XCBuildConfiguration section */

/* Begin XCConfigurationList section */
		1E7E46B627CA8E52003E2986 /* Build configuration list for PBXProject "Water Gr. App" */ = {
			isa = XCConfigurationList;
			buildConfigurations = (
				1E7E46DD27CA8E54003E2986 /* Debug */,
				1E7E46DE27CA8E54003E2986 /* Release */,
			);
			defaultConfigurationIsVisible = 0;
			defaultConfigurationName = Release;
		};
		1E7E46DF27CA8E54003E2986 /* Build configuration list for PBXNativeTarget "Water Gr. App" */ = {
			isa = XCConfigurationList;
			buildConfigurations = (
				1E7E46E027CA8E54003E2986 /* Debug */,
				1E7E46E127CA8E54003E2986 /* Release */,
			);
			defaultConfigurationIsVisible = 0;
			defaultConfigurationName = Release;
		};
		1E7E46E227CA8E54003E2986 /* Build configuration list for PBXNativeTarget "Water Gr. AppTests" */ = {
			isa = XCConfigurationList;
			buildConfigurations = (
				1E7E46E327CA8E54003E2986 /* Debug */,
				1E7E46E427CA8E54003E2986 /* Release */,
			);
			defaultConfigurationIsVisible = 0;
			defaultConfigurationName = Release;
		};
		1E7E46E527CA8E54003E2986 /* Build configuration list for PBXNativeTarget "Water Gr. AppUITests" */ = {
			isa = XCConfigurationList;
			buildConfigurations = (
				1E7E46E627CA8E54003E2986 /* Debug */,
				1E7E46E727CA8E54003E2986 /* Release */,
			);
			defaultConfigurationIsVisible = 0;
			defaultConfigurationName = Release;
		};
/* End XCConfigurationList section */
	};
	rootObject = 1E7E46B327CA8E52003E2986 /* Project object */;
}
